
Microsoft Visual Studio Solution File, Format Version 12.00
# Visual Studio 14
VisualStudioVersion = 14.0.24720.0
MinimumVisualStudioVersion = 10.0.40219.1
Project("{FAE04EC0-301F-11D3-BF4B-00C04F79EFBC}") = "Testability", "Testability\Testability.csproj", "{AA8AF9AE-044B-433B-8832-785903F55B00}"
EndProject
Project("{FAE04EC0-301F-11D3-BF4B-00C04F79EFBC}") = "Testability.Infrastructure", "Testability.Infrastructure\Testability.Infrastructure.csproj", "{F3D9141E-F750-48A9-8A1C-402D9ED5F16D}"
EndProject
Global
	GlobalSection(SolutionConfigurationPlatforms) = preSolution
		Debug|Any CPU = Debug|Any CPU
		Release|Any CPU = Release|Any CPU
	EndGlobalSection
	GlobalSection(ProjectConfigurationPlatforms) = postSolution
		{AA8AF9AE-044B-433B-8832-785903F55B00}.Debug|Any CPU.ActiveCfg = Debug|Any CPU
		{AA8AF9AE-044B-433B-8832-785903F55B00}.Debug|Any CPU.Build.0 = Debug|Any CPU
		{AA8AF9AE-044B-433B-8832-785903F55B00}.Release|Any CPU.ActiveCfg = Release|Any CPU
		{AA8AF9AE-044B-433B-8832-785903F55B00}.Release|Any CPU.Build.0 = Release|Any CPU
		{F3D9141E-F750-48A9-8A1C-402D9ED5F16D}.Debug|Any CPU.ActiveCfg = Debug|Any CPU
		{F3D9141E-F750-48A9-8A1C-402D9ED5F16D}.Debug|Any CPU.Build.0 = Debug|Any CPU
		{F3D9141E-F750-48A9-8A1C-402D9ED5F16D}.Release|Any CPU.ActiveCfg = Release|Any CPU
		{F3D9141E-F750-48A9-8A1C-402D9ED5F16D}.Release|Any CPU.Build.0 = Release|Any CPU
	EndGlobalSection
	GlobalSection(SolutionProperties) = preSolution
		HideSolutionNode = FALSE
	EndGlobalSection
EndGlobal
